
Microsoft Visual Studio Solution File, Format Version 10.00
# Visual Studio 2010
Project("{FAE04EC0-301F-11D3-BF4B-00C04F79EFBC}") = "FootReST", "FootReST\FootReST.csproj", "{6CFF5B1B-5BCA-4FF3-A52F-F4C37F7977B6}"
EndProject
Project("{FAE04EC0-301F-11D3-BF4B-00C04F79EFBC}") = "FootReST.Specs", "FootReST.Specs\FootReST.Specs.csproj", "{3EEC58CA-B5AC-4344-8B14-C52E3F184CF1}"
EndProject
Global
	GlobalSection(SolutionConfigurationPlatforms) = preSolution
		Debug|Any CPU = Debug|Any CPU
		Release|Any CPU = Release|Any CPU
	EndGlobalSection
	GlobalSection(ProjectConfigurationPlatforms) = postSolution
		{6CFF5B1B-5BCA-4FF3-A52F-F4C37F7977B6}.Debug|Any CPU.ActiveCfg = Debug|Any CPU
		{6CFF5B1B-5BCA-4FF3-A52F-F4C37F7977B6}.Debug|Any CPU.Build.0 = Debug|Any CPU
		{6CFF5B1B-5BCA-4FF3-A52F-F4C37F7977B6}.Release|Any CPU.ActiveCfg = Release|Any CPU
		{6CFF5B1B-5BCA-4FF3-A52F-F4C37F7977B6}.Release|Any CPU.Build.0 = Release|Any CPU
		{3EEC58CA-B5AC-4344-8B14-C52E3F184CF1}.Debug|Any CPU.ActiveCfg = Debug|Any CPU
		{3EEC58CA-B5AC-4344-8B14-C52E3F184CF1}.Debug|Any CPU.Build.0 = Debug|Any CPU
		{3EEC58CA-B5AC-4344-8B14-C52E3F184CF1}.Release|Any CPU.ActiveCfg = Release|Any CPU
		{3EEC58CA-B5AC-4344-8B14-C52E3F184CF1}.Release|Any CPU.Build.0 = Release|Any CPU
	EndGlobalSection
	GlobalSection(SolutionProperties) = preSolution
		HideSolutionNode = FALSE
	EndGlobalSection
EndGlobal
